
Microsoft Visual Studio Solution File, Format Version 12.00
# Visual Studio Version 17
VisualStudioVersion = 17.1.32319.34
MinimumVisualStudioVersion = 10.0.40219.1
Project("{9A19103F-16F7-4668-BE54-9A1E7A4F7556}") = "punkTwoFactor", "punkTwoFactor\punkTwoFactor.csproj", "{AD02A9FE-5F1D-4E58-99C4-0F612571D267}"
EndProject
Global
	GlobalSection(SolutionConfigurationPlatforms) = preSolution
		Debug|Any CPU = Debug|Any CPU
		Release|Any CPU = Release|Any CPU
	EndGlobalSection
	GlobalSection(ProjectConfigurationPlatforms) = postSolution
		{AD02A9FE-5F1D-4E58-99C4-0F612571D267}.Debug|Any CPU.ActiveCfg = Debug|Any CPU
		{AD02A9FE-5F1D-4E58-99C4-0F612571D267}.Debug|Any CPU.Build.0 = Debug|Any CPU
		{AD02A9FE-5F1D-4E58-99C4-0F612571D267}.Release|Any CPU.ActiveCfg = Release|Any CPU
		{AD02A9FE-5F1D-4E58-99C4-0F612571D267}.Release|Any CPU.Build.0 = Release|Any CPU
	EndGlobalSection
	GlobalSection(SolutionProperties) = preSolution
		HideSolutionNode = FALSE
	EndGlobalSection
	GlobalSection(ExtensibilityGlobals) = postSolution
		SolutionGuid = {6A04F2BA-0EC4-4953-B4AE-485774DE8D67}
	EndGlobalSection
EndGlobal
